
Microsoft Visual Studio Solution File, Format Version 12.00
# Visual Studio 14
VisualStudioVersion = 14.0.25420.1
MinimumVisualStudioVersion = 10.0.40219.1
Project("{FAE04EC0-301F-11D3-BF4B-00C04F79EFBC}") = "MSR.Components.Grid", "MSR.Components.Grid\MSR.Components.Grid.csproj", "{DA162BC9-9DBF-4056-AD63-DB4A2F940F76}"
EndProject
Project("{FAE04EC0-301F-11D3-BF4B-00C04F79EFBC}") = "MSR.Components.GridTests", "MSR.Components.GridTests\MSR.Components.GridTests.csproj", "{6B231B20-030E-4AAB-B2F7-A7732940D05C}"
EndProject
Project("{FAE04EC0-301F-11D3-BF4B-00C04F79EFBC}") = "MSR.Component.Validators", "MSR.Component.Validators\MSR.Component.Validators.csproj", "{305592EB-E3AB-4822-BB8D-84CFB0D27BC8}"
EndProject
Project("{FAE04EC0-301F-11D3-BF4B-00C04F79EFBC}") = "MSR.Component.ValidatorsTests", "MSR.Component.ValidatorsTests\MSR.Component.ValidatorsTests.csproj", "{172F71EF-EA40-4618-B08E-3BA811A40A66}"
EndProject
Project("{FAE04EC0-301F-11D3-BF4B-00C04F79EFBC}") = "MSR.SuDoKu.Grid", "MSR.SuDoKu.Grid\MSR.SuDoKu.Grid.csproj", "{BB6E121E-0D36-4ECB-8730-C4CD97A012F5}"
EndProject
Project("{FAE04EC0-301F-11D3-BF4B-00C04F79EFBC}") = "MSR.SuDoKu.GridTests", "MSR.SuDoKu.GridTests\MSR.SuDoKu.GridTests.csproj", "{1A377994-B352-4AC4-8669-405A291DDD07}"
EndProject
Project("{2150E333-8FDC-42A3-9474-1A3956D46DE8}") = "Tests", "Tests", "{AE9F8223-A0A9-4C1B-A418-5A5C3960EACB}"
EndProject
Project("{FAE04EC0-301F-11D3-BF4B-00C04F79EFBC}") = "MSR.SuDoKu.Interfaces", "MSR.SuDoKu.Interfaces\MSR.SuDoKu.Interfaces.csproj", "{A8AADC02-5DC0-4239-AB16-70CEE0F3BA60}"
EndProject
Global
	GlobalSection(SolutionConfigurationPlatforms) = preSolution
		Debug|Any CPU = Debug|Any CPU
		Release|Any CPU = Release|Any CPU
	EndGlobalSection
	GlobalSection(ProjectConfigurationPlatforms) = postSolution
		{DA162BC9-9DBF-4056-AD63-DB4A2F940F76}.Debug|Any CPU.ActiveCfg = Debug|Any CPU
		{DA162BC9-9DBF-4056-AD63-DB4A2F940F76}.Debug|Any CPU.Build.0 = Debug|Any CPU
		{DA162BC9-9DBF-4056-AD63-DB4A2F940F76}.Release|Any CPU.ActiveCfg = Release|Any CPU
		{DA162BC9-9DBF-4056-AD63-DB4A2F940F76}.Release|Any CPU.Build.0 = Release|Any CPU
		{6B231B20-030E-4AAB-B2F7-A7732940D05C}.Debug|Any CPU.ActiveCfg = Debug|Any CPU
		{6B231B20-030E-4AAB-B2F7-A7732940D05C}.Debug|Any CPU.Build.0 = Debug|Any CPU
		{6B231B20-030E-4AAB-B2F7-A7732940D05C}.Release|Any CPU.ActiveCfg = Release|Any CPU
		{6B231B20-030E-4AAB-B2F7-A7732940D05C}.Release|Any CPU.Build.0 = Release|Any CPU
		{305592EB-E3AB-4822-BB8D-84CFB0D27BC8}.Debug|Any CPU.ActiveCfg = Debug|Any CPU
		{305592EB-E3AB-4822-BB8D-84CFB0D27BC8}.Debug|Any CPU.Build.0 = Debug|Any CPU
		{305592EB-E3AB-4822-BB8D-84CFB0D27BC8}.Release|Any CPU.ActiveCfg = Release|Any CPU
		{305592EB-E3AB-4822-BB8D-84CFB0D27BC8}.Release|Any CPU.Build.0 = Release|Any CPU
		{172F71EF-EA40-4618-B08E-3BA811A40A66}.Debug|Any CPU.ActiveCfg = Debug|Any CPU
		{172F71EF-EA40-4618-B08E-3BA811A40A66}.Debug|Any CPU.Build.0 = Debug|Any CPU
		{172F71EF-EA40-4618-B08E-3BA811A40A66}.Release|Any CPU.ActiveCfg = Release|Any CPU
		{172F71EF-EA40-4618-B08E-3BA811A40A66}.Release|Any CPU.Build.0 = Release|Any CPU
		{BB6E121E-0D36-4ECB-8730-C4CD97A012F5}.Debug|Any CPU.ActiveCfg = Debug|Any CPU
		{BB6E121E-0D36-4ECB-8730-C4CD97A012F5}.Debug|Any CPU.Build.0 = Debug|Any CPU
		{BB6E121E-0D36-4ECB-8730-C4CD97A012F5}.Release|Any CPU.ActiveCfg = Release|Any CPU
		{BB6E121E-0D36-4ECB-8730-C4CD97A012F5}.Release|Any CPU.Build.0 = Release|Any CPU
		{1A377994-B352-4AC4-8669-405A291DDD07}.Debug|Any CPU.ActiveCfg = Debug|Any CPU
		{1A377994-B352-4AC4-8669-405A291DDD07}.Debug|Any CPU.Build.0 = Debug|Any CPU
		{1A377994-B352-4AC4-8669-405A291DDD07}.Release|Any CPU.ActiveCfg = Release|Any CPU
		{1A377994-B352-4AC4-8669-405A291DDD07}.Release|Any CPU.Build.0 = Release|Any CPU
		{A8AADC02-5DC0-4239-AB16-70CEE0F3BA60}.Debug|Any CPU.ActiveCfg = Debug|Any CPU
		{A8AADC02-5DC0-4239-AB16-70CEE0F3BA60}.Debug|Any CPU.Build.0 = Debug|Any CPU
		{A8AADC02-5DC0-4239-AB16-70CEE0F3BA60}.Release|Any CPU.ActiveCfg = Release|Any CPU
		{A8AADC02-5DC0-4239-AB16-70CEE0F3BA60}.Release|Any CPU.Build.0 = Release|Any CPU
	EndGlobalSection
	GlobalSection(SolutionProperties) = preSolution
		HideSolutionNode = FALSE
	EndGlobalSection
	GlobalSection(NestedProjects) = preSolution
		{6B231B20-030E-4AAB-B2F7-A7732940D05C} = {AE9F8223-A0A9-4C1B-A418-5A5C3960EACB}
		{172F71EF-EA40-4618-B08E-3BA811A40A66} = {AE9F8223-A0A9-4C1B-A418-5A5C3960EACB}
		{1A377994-B352-4AC4-8669-405A291DDD07} = {AE9F8223-A0A9-4C1B-A418-5A5C3960EACB}
	EndGlobalSection
EndGlobal
